// !$*UTF8*$!
{
	archiveVersion = 1;
	classes = {
	};
	objectVersion = 60;
	objects = {

/* Begin PBXBuildFile section */
		07CD50466C309B073BD83615 /* batman.png in Resources */ = {isa = PBXBuildFile; fileRef = 8AB3E1B45F9C1D601CC5A3F1 /* batman.png */; };
		26D81F8D1C6C7D03B29DB1CC /* bojack.png in Resources */ = {isa = PBXBuildFile; fileRef = F113E49229BE4C8A3B4AD404 /* bojack.png */; };
		26F4D6FEBEA4D285B9C47E48 /* IOSAwesomeButtonDemoApp.swift in Sources */ = {isa = PBXBuildFile; fileRef = 9C9EA2204212E9886EF30AB5 /* IOSAwesomeButtonDemoApp.swift */; };
		64916BB9B4F33486495B15F0 /* mysterion.png in Resources */ = {isa = PBXBuildFile; fileRef = 9C7F5365C4FB976BC451A34A /* mysterion.png */; };
		7AC9E2F3A4B5C6D7E8F90123 /* SocialIcons.xcassets in Resources */ = {isa = PBXBuildFile; fileRef = 8BD0E1F2A3B4C5D6E7F80912 /* SocialIcons.xcassets */; };
		756E9667CAB01D76134F465B /* summer.png in Resources */ = {isa = PBXBuildFile; fileRef = FBB8F7AAD996DF53EAE50CC8 /* summer.png */; };
		A79BD899AD9548FC8B5C247A /* ThemeCharacterOverlay.swift in Sources */ = {isa = PBXBuildFile; fileRef = 106E73981CBEDFA7BD8F88EA /* ThemeCharacterOverlay.swift */; };
		A8837DE1AFE03D26ADAA85B3 /* cartman.png in Resources */ = {isa = PBXBuildFile; fileRef = 41FE9D77D307D95B7DF604A1 /* cartman.png */; };
		B601F1A7683F3D8690C33914 /* rick.png in Resources */ = {isa = PBXBuildFile; fileRef = 6B7E3215BBEA14C30B13F692 /* rick.png */; };
		DD20FE6A17A32B6CC5EE94A8 /* c137.png in Resources */ = {isa = PBXBuildFile; fileRef = 233B29D7E6D82BCC686D67D5 /* c137.png */; };
		EEFF1A7EE527CF07B23BF9EB /* Foundation.framework in Frameworks */ = {isa = PBXBuildFile; fileRef = E72964C4EFBAA6FE5AEF1F38 /* Foundation.framework */; };
		EFC843FA58438495B0BCC1FE /* SwiftAwesomeButton in Frameworks */ = {isa = PBXBuildFile; productRef = 8CC71C03E1ED7117621784D9 /* SwiftAwesomeButton */; };
		FFD5B4EBA569862EE99B1EF6 /* DemoShell.swift in Sources */ = {isa = PBXBuildFile; fileRef = EA64D688F0DE67330A0291B9 /* DemoShell.swift */; };
/* End PBXBuildFile section */

/* Begin PBXFileReference section */
		106E73981CBEDFA7BD8F88EA /* ThemeCharacterOverlay.swift */ = {isa = PBXFileReference; includeInIndex = 1; lastKnownFileType = sourcecode.swift; path = ThemeCharacterOverlay.swift; sourceTree = "<group>"; };
		233B29D7E6D82BCC686D67D5 /* c137.png */ = {isa = PBXFileReference; includeInIndex = 1; lastKnownFileType = image.png; path = c137.png; sourceTree = "<group>"; };
		41FE9D77D307D95B7DF604A1 /* cartman.png */ = {isa = PBXFileReference; includeInIndex = 1; lastKnownFileType = image.png; path = cartman.png; sourceTree = "<group>"; };
		6B7E3215BBEA14C30B13F692 /* rick.png */ = {isa = PBXFileReference; includeInIndex = 1; lastKnownFileType = image.png; path = rick.png; sourceTree = "<group>"; };
		7D561381AE5151BAC03EEE0E /* IOSAwesomeButtonDemoApp.app */ = {isa = PBXFileReference; explicitFileType = wrapper.application; includeInIndex = 0; path = IOSAwesomeButtonDemoApp.app; sourceTree = BUILT_PRODUCTS_DIR; };
		8BD0E1F2A3B4C5D6E7F80912 /* SocialIcons.xcassets */ = {isa = PBXFileReference; lastKnownFileType = folder.assetcatalog; path = SocialIcons.xcassets; sourceTree = "<group>"; };
		8AB3E1B45F9C1D601CC5A3F1 /* batman.png */ = {isa = PBXFileReference; includeInIndex = 1; lastKnownFileType = image.png; path = batman.png; sourceTree = "<group>"; };
		9C7F5365C4FB976BC451A34A /* mysterion.png */ = {isa = PBXFileReference; includeInIndex = 1; lastKnownFileType = image.png; path = mysterion.png; sourceTree = "<group>"; };
		9C9EA2204212E9886EF30AB5 /* IOSAwesomeButtonDemoApp.swift */ = {isa = PBXFileReference; includeInIndex = 1; lastKnownFileType = sourcecode.swift; path = IOSAwesomeButtonDemoApp.swift; sourceTree = "<group>"; };
		E72964C4EFBAA6FE5AEF1F38 /* Foundation.framework */ = {isa = PBXFileReference; lastKnownFileType = wrapper.framework; name = Foundation.framework; path = Platforms/iPhoneOS.platform/Developer/SDKs/iPhoneOS18.0.sdk/System/Library/Frameworks/Foundation.framework; sourceTree = DEVELOPER_DIR; };
		EA64D688F0DE67330A0291B9 /* DemoShell.swift */ = {isa = PBXFileReference; includeInIndex = 1; lastKnownFileType = sourcecode.swift; path = DemoShell.swift; sourceTree = "<group>"; };
		F113E49229BE4C8A3B4AD404 /* bojack.png */ = {isa = PBXFileReference; includeInIndex = 1; lastKnownFileType = image.png; path = bojack.png; sourceTree = "<group>"; };
		FBB8F7AAD996DF53EAE50CC8 /* summer.png */ = {isa = PBXFileReference; includeInIndex = 1; lastKnownFileType = image.png; path = summer.png; sourceTree = "<group>"; };
/* End PBXFileReference section */

/* Begin PBXFrameworksBuildPhase section */
		AE7E93FFBD9AFFE53EF4E5CF /* Frameworks */ = {
			isa = PBXFrameworksBuildPhase;
			buildActionMask = 2147483647;
			files = (
				EEFF1A7EE527CF07B23BF9EB /* Foundation.framework in Frameworks */,
				EFC843FA58438495B0BCC1FE /* SwiftAwesomeButton in Frameworks */,
			);
			runOnlyForDeploymentPostprocessing = 0;
		};
/* End PBXFrameworksBuildPhase section */

/* Begin PBXGroup section */
		05915ADA550A6C127B07822E = {
			isa = PBXGroup;
			children = (
				6D2E9434DD12CF3B1680D8A8 /* Products */,
				3C7093170A780F4715C6CA54 /* Frameworks */,
				7BEA42F0FFCF1618750BF904 /* IOSAwesomeButtonDemoApp */,
				22B0D82BA24744EE6B99A3B5 /* Resources */,
			);
			sourceTree = "<group>";
		};
		22B0D82BA24744EE6B99A3B5 /* Resources */ = {
			isa = PBXGroup;
			children = (
				989DED51456A752096CC378D /* Characters */,
				8BD0E1F2A3B4C5D6E7F80912 /* SocialIcons.xcassets */,
			);
			path = Resources;
			sourceTree = "<group>";
		};
		3C7093170A780F4715C6CA54 /* Frameworks */ = {
			isa = PBXGroup;
			children = (
				F83491C02BEDAA8189C098CC /* iOS */,
			);
			name = Frameworks;
			sourceTree = "<group>";
		};
		6D2E9434DD12CF3B1680D8A8 /* Products */ = {
			isa = PBXGroup;
			children = (
				7D561381AE5151BAC03EEE0E /* IOSAwesomeButtonDemoApp.app */,
			);
			name = Products;
			sourceTree = "<group>";
		};
		7BEA42F0FFCF1618750BF904 /* IOSAwesomeButtonDemoApp */ = {
			isa = PBXGroup;
			children = (
				9C9EA2204212E9886EF30AB5 /* IOSAwesomeButtonDemoApp.swift */,
				EA64D688F0DE67330A0291B9 /* DemoShell.swift */,
				106E73981CBEDFA7BD8F88EA /* ThemeCharacterOverlay.swift */,
			);
			path = IOSAwesomeButtonDemoApp;
			sourceTree = "<group>";
		};
		989DED51456A752096CC378D /* Characters */ = {
			isa = PBXGroup;
			children = (
				8AB3E1B45F9C1D601CC5A3F1 /* batman.png */,
				F113E49229BE4C8A3B4AD404 /* bojack.png */,
				233B29D7E6D82BCC686D67D5 /* c137.png */,
				41FE9D77D307D95B7DF604A1 /* cartman.png */,
				9C7F5365C4FB976BC451A34A /* mysterion.png */,
				6B7E3215BBEA14C30B13F692 /* rick.png */,
				FBB8F7AAD996DF53EAE50CC8 /* summer.png */,
			);
			path = Characters;
			sourceTree = "<group>";
		};
		F83491C02BEDAA8189C098CC /* iOS */ = {
			isa = PBXGroup;
			children = (
				E72964C4EFBAA6FE5AEF1F38 /* Foundation.framework */,
			);
			name = iOS;
			sourceTree = "<group>";
		};
/* End PBXGroup section */

/* Begin PBXNativeTarget section */
		9B0E5D113133BCA862BC15B0 /* IOSAwesomeButtonDemoApp */ = {
			isa = PBXNativeTarget;
			buildConfigurationList = EC2D16C4EAFF886B7C441F6B /* Build configuration list for PBXNativeTarget "IOSAwesomeButtonDemoApp" */;
			buildPhases = (
				96396B4FB06F87FC6559D065 /* Sources */,
				AE7E93FFBD9AFFE53EF4E5CF /* Frameworks */,
				8F4645FD594F79638AE394A8 /* Resources */,
			);
			buildRules = (
			);
			dependencies = (
				13754E915AED62219DC8A2EB /* PBXTargetDependency */,
			);
			name = IOSAwesomeButtonDemoApp;
			packageProductDependencies = (
				8CC71C03E1ED7117621784D9 /* SwiftAwesomeButton */,
			);
			productName = IOSAwesomeButtonDemoApp;
			productReference = 7D561381AE5151BAC03EEE0E /* IOSAwesomeButtonDemoApp.app */;
			productType = "com.apple.product-type.application";
		};
/* End PBXNativeTarget section */

/* Begin PBXProject section */
		1C36DB883DCCCD29DD2062B0 /* Project object */ = {
			isa = PBXProject;
			attributes = {
				LastSwiftUpdateCheck = 2600;
				LastUpgradeCheck = 2600;
			};
			buildConfigurationList = 456D5CD27A083D8F7F40E067 /* Build configuration list for PBXProject "IOSAwesomeButtonDemoApp" */;
			compatibilityVersion = "Xcode 3.2";
			developmentRegion = en;
			hasScannedForEncodings = 0;
			knownRegions = (
				en,
				Base,
			);
			mainGroup = 05915ADA550A6C127B07822E;
			packageReferences = (
				096389A32D3C03CA3447A565 /* XCLocalSwiftPackageReference "../../" */,
			);
			productRefGroup = 6D2E9434DD12CF3B1680D8A8 /* Products */;
			projectDirPath = "";
			projectRoot = "";
			targets = (
				9B0E5D113133BCA862BC15B0 /* IOSAwesomeButtonDemoApp */,
			);
		};
/* End PBXProject section */

/* Begin PBXResourcesBuildPhase section */
		8F4645FD594F79638AE394A8 /* Resources */ = {
			isa = PBXResourcesBuildPhase;
			buildActionMask = 2147483647;
			files = (
				07CD50466C309B073BD83615 /* batman.png in Resources */,
				7AC9E2F3A4B5C6D7E8F90123 /* SocialIcons.xcassets in Resources */,
				26D81F8D1C6C7D03B29DB1CC /* bojack.png in Resources */,
				DD20FE6A17A32B6CC5EE94A8 /* c137.png in Resources */,
				A8837DE1AFE03D26ADAA85B3 /* cartman.png in Resources */,
				64916BB9B4F33486495B15F0 /* mysterion.png in Resources */,
				B601F1A7683F3D8690C33914 /* rick.png in Resources */,
				756E9667CAB01D76134F465B /* summer.png in Resources */,
			);
			runOnlyForDeploymentPostprocessing = 0;
		};
/* End PBXResourcesBuildPhase section */

/* Begin PBXSourcesBuildPhase section */
		96396B4FB06F87FC6559D065 /* Sources */ = {
			isa = PBXSourcesBuildPhase;
			buildActionMask = 2147483647;
			files = (
				26F4D6FEBEA4D285B9C47E48 /* IOSAwesomeButtonDemoApp.swift in Sources */,
				FFD5B4EBA569862EE99B1EF6 /* DemoShell.swift in Sources */,
				A79BD899AD9548FC8B5C247A /* ThemeCharacterOverlay.swift in Sources */,
			);
			runOnlyForDeploymentPostprocessing = 0;
		};
/* End PBXSourcesBuildPhase section */

/* Begin PBXTargetDependency section */
		13754E915AED62219DC8A2EB /* PBXTargetDependency */ = {
			isa = PBXTargetDependency;
			productRef = 8CC71C03E1ED7117621784D9 /* SwiftAwesomeButton */;
		};
/* End PBXTargetDependency section */

/* Begin XCBuildConfiguration section */
		A05B4A646DECF1D3456EBC16 /* Release */ = {
			isa = XCBuildConfiguration;
			buildSettings = {
				ALWAYS_SEARCH_USER_PATHS = NO;
				CLANG_ANALYZER_NONNULL = YES;
				CLANG_ANALYZER_NUMBER_OBJECT_CONVERSION = YES_AGGRESSIVE;
				CLANG_CXX_LANGUAGE_STANDARD = "gnu++14";
				CLANG_CXX_LIBRARY = "libc++";
				CLANG_ENABLE_MODULES = YES;
				CLANG_ENABLE_OBJC_ARC = YES;
				CLANG_ENABLE_OBJC_WEAK = YES;
				CLANG_WARN_BLOCK_CAPTURE_AUTORELEASING = YES;
				CLANG_WARN_BOOL_CONVERSION = YES;
				CLANG_WARN_COMMA = YES;
				CLANG_WARN_CONSTANT_CONVERSION = YES;
				CLANG_WARN_DEPRECATED_OBJC_IMPLEMENTATIONS = YES;
				CLANG_WARN_DIRECT_OBJC_ISA_USAGE = YES_ERROR;
				CLANG_WARN_DOCUMENTATION_COMMENTS = YES;
				CLANG_WARN_EMPTY_BODY = YES;
				CLANG_WARN_ENUM_CONVERSION = YES;
				CLANG_WARN_INFINITE_RECURSION = YES;
				CLANG_WARN_INT_CONVERSION = YES;
				CLANG_WARN_NON_LITERAL_NULL_CONVERSION = YES;
				CLANG_WARN_OBJC_IMPLICIT_RETAIN_SELF = YES;
				CLANG_WARN_OBJC_LITERAL_CONVERSION = YES;
				CLANG_WARN_OBJC_ROOT_CLASS = YES_ERROR;
				CLANG_WARN_QUOTED_INCLUDE_IN_FRAMEWORK_HEADER = YES;
				CLANG_WARN_RANGE_LOOP_ANALYSIS = YES;
				CLANG_WARN_STRICT_PROTOTYPES = YES;
				CLANG_WARN_SUSPICIOUS_MOVE = YES;
				CLANG_WARN_UNGUARDED_AVAILABILITY = YES_AGGRESSIVE;
				CLANG_WARN_UNREACHABLE_CODE = YES;
				CLANG_WARN__DUPLICATE_METHOD_MATCH = YES;
				COPY_PHASE_STRIP = NO;
				DEBUG_INFORMATION_FORMAT = "dwarf-with-dsym";
				ENABLE_NS_ASSERTIONS = NO;
				ENABLE_STRICT_OBJC_MSGSEND = YES;
				GCC_C_LANGUAGE_STANDARD = gnu11;
				GCC_NO_COMMON_BLOCKS = YES;
				GCC_WARN_64_TO_32_BIT_CONVERSION = YES;
				GCC_WARN_ABOUT_RETURN_TYPE = YES_ERROR;
				GCC_WARN_UNDECLARED_SELECTOR = YES;
				GCC_WARN_UNINITIALIZED_AUTOS = YES_AGGRESSIVE;
				GCC_WARN_UNUSED_FUNCTION = YES;
				GCC_WARN_UNUSED_VARIABLE = YES;
				IPHONEOS_DEPLOYMENT_TARGET = 16.0;
				MTL_ENABLE_DEBUG_INFO = NO;
				MTL_FAST_MATH = YES;
				PRODUCT_NAME = "$(TARGET_NAME)";
				SWIFT_COMPILATION_MODE = wholemodule;
				SWIFT_OPTIMIZATION_LEVEL = "-O";
				SWIFT_VERSION = 5.10;
			};
			name = Release;
		};
		BE6EEBE30BE849D8A573D737 /* Debug */ = {
			isa = XCBuildConfiguration;
			buildSettings = {
				ALWAYS_SEARCH_USER_PATHS = NO;
				CLANG_ANALYZER_NONNULL = YES;
				CLANG_ANALYZER_NUMBER_OBJECT_CONVERSION = YES_AGGRESSIVE;
				CLANG_CXX_LANGUAGE_STANDARD = "gnu++14";
				CLANG_CXX_LIBRARY = "libc++";
				CLANG_ENABLE_MODULES = YES;
				CLANG_ENABLE_OBJC_ARC = YES;
				CLANG_ENABLE_OBJC_WEAK = YES;
				CLANG_WARN_BLOCK_CAPTURE_AUTORELEASING = YES;
				CLANG_WARN_BOOL_CONVERSION = YES;
				CLANG_WARN_COMMA = YES;
				CLANG_WARN_CONSTANT_CONVERSION = YES;
				CLANG_WARN_DEPRECATED_OBJC_IMPLEMENTATIONS = YES;
				CLANG_WARN_DIRECT_OBJC_ISA_USAGE = YES_ERROR;
				CLANG_WARN_DOCUMENTATION_COMMENTS = YES;
				CLANG_WARN_EMPTY_BODY = YES;
				CLANG_WARN_ENUM_CONVERSION = YES;
				CLANG_WARN_INFINITE_RECURSION = YES;
				CLANG_WARN_INT_CONVERSION = YES;
				CLANG_WARN_NON_LITERAL_NULL_CONVERSION = YES;
				CLANG_WARN_OBJC_IMPLICIT_RETAIN_SELF = YES;
				CLANG_WARN_OBJC_LITERAL_CONVERSION = YES;
				CLANG_WARN_OBJC_ROOT_CLASS = YES_ERROR;
				CLANG_WARN_QUOTED_INCLUDE_IN_FRAMEWORK_HEADER = YES;
				CLANG_WARN_RANGE_LOOP_ANALYSIS = YES;
				CLANG_WARN_STRICT_PROTOTYPES = YES;
				CLANG_WARN_SUSPICIOUS_MOVE = YES;
				CLANG_WARN_UNGUARDED_AVAILABILITY = YES_AGGRESSIVE;
				CLANG_WARN_UNREACHABLE_CODE = YES;
				CLANG_WARN__DUPLICATE_METHOD_MATCH = YES;
				COPY_PHASE_STRIP = NO;
				DEBUG_INFORMATION_FORMAT = dwarf;
				ENABLE_STRICT_OBJC_MSGSEND = YES;
				ENABLE_TESTABILITY = YES;
				GCC_C_LANGUAGE_STANDARD = gnu11;
				GCC_DYNAMIC_NO_PIC = NO;
				GCC_NO_COMMON_BLOCKS = YES;
				GCC_OPTIMIZATION_LEVEL = 0;
				GCC_PREPROCESSOR_DEFINITIONS = (
					"DEBUG=1",
					"$(inherited)",
				);
				GCC_WARN_64_TO_32_BIT_CONVERSION = YES;
				GCC_WARN_ABOUT_RETURN_TYPE = YES_ERROR;
				GCC_WARN_UNDECLARED_SELECTOR = YES;
				GCC_WARN_UNINITIALIZED_AUTOS = YES_AGGRESSIVE;
				GCC_WARN_UNUSED_FUNCTION = YES;
				GCC_WARN_UNUSED_VARIABLE = YES;
				IPHONEOS_DEPLOYMENT_TARGET = 16.0;
				MTL_ENABLE_DEBUG_INFO = INCLUDE_SOURCE;
				MTL_FAST_MATH = YES;
				ONLY_ACTIVE_ARCH = YES;
				PRODUCT_NAME = "$(TARGET_NAME)";
				SWIFT_ACTIVE_COMPILATION_CONDITIONS = DEBUG;
				SWIFT_OPTIMIZATION_LEVEL = "-Onone";
				SWIFT_VERSION = 5.10;
			};
			name = Debug;
		};
		E78B93220BE81D1E24A4E907 /* Debug */ = {
			isa = XCBuildConfiguration;
			buildSettings = {
				ASSETCATALOG_COMPILER_APPICON_NAME = AppIcon;
				ASSETCATALOG_COMPILER_GENERATE_SWIFT_ASSET_SYMBOL_EXTENSIONS = NO;
				CLANG_ENABLE_OBJC_WEAK = NO;
				CODE_SIGNING_ALLOWED = NO;
				CODE_SIGNING_REQUIRED = NO;
				CODE_SIGN_STYLE = Automatic;
				CURRENT_PROJECT_VERSION = 1;
				ENABLE_PREVIEWS = YES;
				GENERATE_INFOPLIST_FILE = YES;
				INFOPLIST_KEY_CFBundleDisplayName = "Awesome Button";
				INFOPLIST_KEY_UIApplicationSceneManifest_Generation = YES;
				INFOPLIST_KEY_UILaunchScreen_Generation = YES;
				INFOPLIST_KEY_UISupportedInterfaceOrientations_iPhone = UIInterfaceOrientationPortrait;
				IPHONEOS_DEPLOYMENT_TARGET = 16.0;
				LD_RUNPATH_SEARCH_PATHS = (
					"$(inherited)",
					"@executable_path/Frameworks",
				);
				MARKETING_VERSION = 1.0;
				PRODUCT_BUNDLE_IDENTIFIER = dev.swiftawesomebutton.demo;
				PRODUCT_NAME = "$(TARGET_NAME)";
				SDKROOT = iphoneos;
				SWIFT_VERSION = 5.10;
				TARGETED_DEVICE_FAMILY = 1;
			};
			name = Debug;
		};
		F5F1CB1D963E0F0FABA5829A /* Release */ = {
			isa = XCBuildConfiguration;
			buildSettings = {
				ASSETCATALOG_COMPILER_APPICON_NAME = AppIcon;
				ASSETCATALOG_COMPILER_GENERATE_SWIFT_ASSET_SYMBOL_EXTENSIONS = NO;
				CLANG_ENABLE_OBJC_WEAK = NO;
				CODE_SIGNING_ALLOWED = NO;
				CODE_SIGNING_REQUIRED = NO;
				CODE_SIGN_STYLE = Automatic;
				CURRENT_PROJECT_VERSION = 1;
				ENABLE_PREVIEWS = YES;
				GENERATE_INFOPLIST_FILE = YES;
				INFOPLIST_KEY_CFBundleDisplayName = "Awesome Button";
				INFOPLIST_KEY_UIApplicationSceneManifest_Generation = YES;
				INFOPLIST_KEY_UILaunchScreen_Generation = YES;
				INFOPLIST_KEY_UISupportedInterfaceOrientations_iPhone = UIInterfaceOrientationPortrait;
				IPHONEOS_DEPLOYMENT_TARGET = 16.0;
				LD_RUNPATH_SEARCH_PATHS = (
					"$(inherited)",
					"@executable_path/Frameworks",
				);
				MARKETING_VERSION = 1.0;
				PRODUCT_BUNDLE_IDENTIFIER = dev.swiftawesomebutton.demo;
				PRODUCT_NAME = "$(TARGET_NAME)";
				SDKROOT = iphoneos;
				SWIFT_VERSION = 5.10;
				TARGETED_DEVICE_FAMILY = 1;
				VALIDATE_PRODUCT = YES;
			};
			name = Release;
		};
/* End XCBuildConfiguration section */

/* Begin XCConfigurationList section */
		456D5CD27A083D8F7F40E067 /* Build configuration list for PBXProject "IOSAwesomeButtonDemoApp" */ = {
			isa = XCConfigurationList;
			buildConfigurations = (
				BE6EEBE30BE849D8A573D737 /* Debug */,
				A05B4A646DECF1D3456EBC16 /* Release */,
			);
			defaultConfigurationIsVisible = 0;
			defaultConfigurationName = Release;
		};
		EC2D16C4EAFF886B7C441F6B /* Build configuration list for PBXNativeTarget "IOSAwesomeButtonDemoApp" */ = {
			isa = XCConfigurationList;
			buildConfigurations = (
				F5F1CB1D963E0F0FABA5829A /* Release */,
				E78B93220BE81D1E24A4E907 /* Debug */,
			);
			defaultConfigurationIsVisible = 0;
			defaultConfigurationName = Release;
		};
/* End XCConfigurationList section */

/* Begin XCLocalSwiftPackageReference section */
		096389A32D3C03CA3447A565 /* XCLocalSwiftPackageReference "../../" */ = {
			isa = XCLocalSwiftPackageReference;
			relativePath = ../../;
		};
/* End XCLocalSwiftPackageReference section */

/* Begin XCSwiftPackageProductDependency section */
		8CC71C03E1ED7117621784D9 /* SwiftAwesomeButton */ = {
			isa = XCSwiftPackageProductDependency;
			package = 096389A32D3C03CA3447A565 /* XCLocalSwiftPackageReference "../../" */;
			productName = SwiftAwesomeButton;
		};
/* End XCSwiftPackageProductDependency section */
	};
	rootObject = 1C36DB883DCCCD29DD2062B0 /* Project object */;
}
